
Microsoft Visual Studio Solution File, Format Version 12.00
# Visual Studio Version 16
VisualStudioVersion = 16.0.30320.27
MinimumVisualStudioVersion = 10.0.40219.1
Project("{FAE04EC0-301F-11D3-BF4B-00C04F79EFBC}") = "TODOApi", "TODOApi.csproj", "{649E1ABE-88B3-4AD6-A570-8C6CD27AA676}"
EndProject
Global
	GlobalSection(SolutionConfigurationPlatforms) = preSolution
		Debug|Any CPU = Debug|Any CPU
		Release|Any CPU = Release|Any CPU
	EndGlobalSection
	GlobalSection(ProjectConfigurationPlatforms) = postSolution
		{649E1ABE-88B3-4AD6-A570-8C6CD27AA676}.Debug|Any CPU.ActiveCfg = Debug|Any CPU
		{649E1ABE-88B3-4AD6-A570-8C6CD27AA676}.Debug|Any CPU.Build.0 = Debug|Any CPU
		{649E1ABE-88B3-4AD6-A570-8C6CD27AA676}.Release|Any CPU.ActiveCfg = Release|Any CPU
		{649E1ABE-88B3-4AD6-A570-8C6CD27AA676}.Release|Any CPU.Build.0 = Release|Any CPU
	EndGlobalSection
	GlobalSection(SolutionProperties) = preSolution
		HideSolutionNode = FALSE
	EndGlobalSection
	GlobalSection(ExtensibilityGlobals) = postSolution
		SolutionGuid = {3A7783B5-49D9-4290-B620-E4E67CF5BAC2}
	EndGlobalSection
EndGlobal
